
Microsoft Visual Studio Solution File, Format Version 12.00
# Visual Studio Version 17
VisualStudioVersion = 17.10.34928.147
MinimumVisualStudioVersion = 10.0.40219.1
Project("{FAE04EC0-301F-11D3-BF4B-00C04F79EFBC}") = "EZGO.Maui", "EZGO.Maui\EZGO.Maui.csproj", "{3F246E21-5B0A-481C-B72B-34B09785224F}"
EndProject
Project("{FAE04EC0-301F-11D3-BF4B-00C04F79EFBC}") = "EZGO.Maui.Core", "EZGO.Maui.Core\EZGO.Maui.Core.csproj", "{0D5AB813-B3C8-412A-814C-380DB696056F}"
EndProject
Global
	GlobalSection(SolutionConfigurationPlatforms) = preSolution
		Debug|Any CPU = Debug|Any CPU
		Release|Any CPU = Release|Any CPU
		ReleaseAcceptance|Any CPU = ReleaseAcceptance|Any CPU
		ReleaseProduction|Any CPU = ReleaseProduction|Any CPU
		ReleaseTest|Any CPU = ReleaseTest|Any CPU
	EndGlobalSection
	GlobalSection(ProjectConfigurationPlatforms) = postSolution
		{3F246E21-5B0A-481C-B72B-34B09785224F}.Debug|Any CPU.ActiveCfg = Debug|Any CPU
		{3F246E21-5B0A-481C-B72B-34B09785224F}.Debug|Any CPU.Build.0 = Debug|Any CPU
		{3F246E21-5B0A-481C-B72B-34B09785224F}.Debug|Any CPU.Deploy.0 = Debug|Any CPU
		{3F246E21-5B0A-481C-B72B-34B09785224F}.Release|Any CPU.ActiveCfg = ReleaseTest|Any CPU
		{3F246E21-5B0A-481C-B72B-34B09785224F}.Release|Any CPU.Build.0 = ReleaseTest|Any CPU
		{3F246E21-5B0A-481C-B72B-34B09785224F}.Release|Any CPU.Deploy.0 = ReleaseTest|Any CPU
		{3F246E21-5B0A-481C-B72B-34B09785224F}.ReleaseAcceptance|Any CPU.ActiveCfg = ReleaseAcceptance|Any CPU
		{3F246E21-5B0A-481C-B72B-34B09785224F}.ReleaseAcceptance|Any CPU.Build.0 = ReleaseAcceptance|Any CPU
		{3F246E21-5B0A-481C-B72B-34B09785224F}.ReleaseProduction|Any CPU.ActiveCfg = ReleaseProduction|Any CPU
		{3F246E21-5B0A-481C-B72B-34B09785224F}.ReleaseProduction|Any CPU.Build.0 = ReleaseProduction|Any CPU
		{3F246E21-5B0A-481C-B72B-34B09785224F}.ReleaseTest|Any CPU.ActiveCfg = ReleaseTest|Any CPU
		{3F246E21-5B0A-481C-B72B-34B09785224F}.ReleaseTest|Any CPU.Build.0 = ReleaseTest|Any CPU
		{0D5AB813-B3C8-412A-814C-380DB696056F}.Debug|Any CPU.ActiveCfg = Debug|Any CPU
		{0D5AB813-B3C8-412A-814C-380DB696056F}.Debug|Any CPU.Build.0 = Debug|Any CPU
		{0D5AB813-B3C8-412A-814C-380DB696056F}.Release|Any CPU.ActiveCfg = ReleaseTest|Any CPU
		{0D5AB813-B3C8-412A-814C-380DB696056F}.Release|Any CPU.Build.0 = ReleaseTest|Any CPU
		{0D5AB813-B3C8-412A-814C-380DB696056F}.ReleaseAcceptance|Any CPU.ActiveCfg = ReleaseAcceptance|Any CPU
		{0D5AB813-B3C8-412A-814C-380DB696056F}.ReleaseAcceptance|Any CPU.Build.0 = ReleaseAcceptance|Any CPU
		{0D5AB813-B3C8-412A-814C-380DB696056F}.ReleaseProduction|Any CPU.ActiveCfg = ReleaseProduction|Any CPU
		{0D5AB813-B3C8-412A-814C-380DB696056F}.ReleaseProduction|Any CPU.Build.0 = ReleaseProduction|Any CPU
		{0D5AB813-B3C8-412A-814C-380DB696056F}.ReleaseTest|Any CPU.ActiveCfg = ReleaseTest|Any CPU
		{0D5AB813-B3C8-412A-814C-380DB696056F}.ReleaseTest|Any CPU.Build.0 = ReleaseTest|Any CPU
	EndGlobalSection
	GlobalSection(SolutionProperties) = preSolution
		HideSolutionNode = FALSE
	EndGlobalSection
	GlobalSection(ExtensibilityGlobals) = postSolution
		SolutionGuid = {207DD097-264F-43BE-9F29-B024B04403A5}
	EndGlobalSection
EndGlobal
