
Microsoft Visual Studio Solution File, Format Version 12.00
# Visual Studio Version 17
VisualStudioVersion = 17.4.33205.214
MinimumVisualStudioVersion = 10.0.40219.1
Project("{9A19103F-16F7-4668-BE54-9A1E7A4F7556}") = "EZGO.Api", "EZGO.Api\EZGO.Api.csproj", "{4FBFB1E4-9F2E-4F53-BFFA-845C48074A57}"
EndProject
Project("{9A19103F-16F7-4668-BE54-9A1E7A4F7556}") = "EZGO.Api.Models", "EZGO.Api.Models\EZGO.Api.Models.csproj", "{AC2AD3B3-EF27-4480-BD78-709F1837415A}"
EndProject
Project("{9A19103F-16F7-4668-BE54-9A1E7A4F7556}") = "EZGO.Api.Logic", "EZGO.Api.Logic\EZGO.Api.Logic.csproj", "{3CA2896A-355D-4EA4-BCE1-E4F57AA64212}"
EndProject
Project("{9A19103F-16F7-4668-BE54-9A1E7A4F7556}") = "EZGO.Api.Data.AspNetCore", "EZGO.Api.Data\EZGO.Api.Data.AspNetCore.csproj", "{D57424AC-626A-463C-B2A6-A6A14411FD4A}"
EndProject
Project("{2150E333-8FDC-42A3-9474-1A3956D46DE8}") = "webapi", "webapi", "{0CB02E7C-F6EC-4415-8282-9505C770E163}"
EndProject
Project("{2150E333-8FDC-42A3-9474-1A3956D46DE8}") = "logic", "logic", "{EBE48A07-0524-41A6-ACC4-731D809128AB}"
EndProject
Project("{2150E333-8FDC-42A3-9474-1A3956D46DE8}") = "tests", "tests", "{CFCAD662-434B-484A-87B4-EA8ECAD43632}"
EndProject
Project("{9A19103F-16F7-4668-BE54-9A1E7A4F7556}") = "EZGO.Api.Security.AspNetCore", "EZGO.Api.Security\EZGO.Api.Security.AspNetCore.csproj", "{5895B9A5-DF81-4EBF-A401-283AD7485B53}"
EndProject
Project("{9A19103F-16F7-4668-BE54-9A1E7A4F7556}") = "EZGO.Api.Interfaces", "EZGO.Api.Interfaces\EZGO.Api.Interfaces.csproj", "{30DDCCEB-4E4F-4236-9501-AD058CAD4210}"
EndProject
Project("{9A19103F-16F7-4668-BE54-9A1E7A4F7556}") = "EZGO.Api.Utils", "EZGO.Api.Utils\EZGO.Api.Utils.csproj", "{8A3FECFC-9F46-4450-AF83-EEEDF8C52292}"
EndProject
Project("{2150E333-8FDC-42A3-9474-1A3956D46DE8}") = "workerservice", "workerservice", "{827D5ADD-8602-4B39-9BF4-A217DADF7D57}"
EndProject
Project("{2150E333-8FDC-42A3-9474-1A3956D46DE8}") = "Solution Items", "Solution Items", "{2DF0C19F-3EFF-4C22-B51C-442596C06B6C}"
	ProjectSection(SolutionItems) = preProject
		README.md = README.md
	EndProjectSection
EndProject
Project("{9A19103F-16F7-4668-BE54-9A1E7A4F7556}") = "EZGO.Api.Settings", "EZGO.Api.Settings\EZGO.Api.Settings.csproj", "{6714D644-F1CB-4F15-ACB9-1D515CF042FB}"
EndProject
Project("{2150E333-8FDC-42A3-9474-1A3956D46DE8}") = "docs", "docs", "{DF80DA20-DCEC-48CB-BA02-A43DF09F3E23}"
EndProject
Project("{9A19103F-16F7-4668-BE54-9A1E7A4F7556}") = "EZGO.WorkerService.TaskGeneration", "EZGO.WorkerService.TaskGeneration\EZGO.WorkerService.TaskGeneration.csproj", "{21C1D22F-3199-4A48-B6F1-A663B77B1287}"
EndProject
Project("{9A19103F-16F7-4668-BE54-9A1E7A4F7556}") = "EZGO.Api.TaskGeneration", "EZGO.Api.TaskGeneration\EZGO.Api.TaskGeneration.csproj", "{67DEBF88-162F-401F-8976-16C90C4AAF26}"
EndProject
Project("{9A19103F-16F7-4668-BE54-9A1E7A4F7556}") = "EZ.Connector.SAP", "EZ.Connector.SAP\EZ.Connector.SAP.csproj", "{FFF8E9FD-27F5-4CF5-ABF2-42FB2B6AFAD1}"
EndProject
Project("{9A19103F-16F7-4668-BE54-9A1E7A4F7556}") = "EZ.Connector.Ultimo", "EZ.Connector.Ultimo\EZ.Connector.Ultimo.csproj", "{2FAB78E9-B01F-4130-92E3-8B7707D3126B}"
EndProject
Project("{9A19103F-16F7-4668-BE54-9A1E7A4F7556}") = "EZ.Connector.Solvace", "EZ.Connector.Solvace\EZ.Connector.Solvace.csproj", "{192009FB-DE53-427B-B3C9-5AC203FC3904}"
EndProject
Project("{9A19103F-16F7-4668-BE54-9A1E7A4F7556}") = "EZGO.Api.Interfaces.Data", "EZGO.Api.Interfaces.Data\EZGO.Api.Interfaces.Data.csproj", "{C48627A6-7335-44F9-AC08-A232EC7ECE2B}"
EndProject
Project("{9A19103F-16F7-4668-BE54-9A1E7A4F7556}") = "EZGO.Api.Media", "EZGO.Api.Media\EZGO.Api.Media.csproj", "{F9D24B12-C304-489F-9CCF-DD80FDB976B3}"
EndProject
Project("{9A19103F-16F7-4668-BE54-9A1E7A4F7556}") = "EZ.Connector.Init", "EZ.Connector.Init\EZ.Connector.Init.csproj", "{725926F2-DDC0-4C2B-AC34-FED4B004EDE0}"
EndProject
Project("{2150E333-8FDC-42A3-9474-1A3956D46DE8}") = "migrationservice", "migrationservice", "{F6669058-6B6B-4204-AE66-2860BAAD271E}"
EndProject
Project("{9A19103F-16F7-4668-BE54-9A1E7A4F7556}") = "EZGO.CLI.MigrationService", "EZGO.CLI.MigrationService\EZGO.CLI.MigrationService.csproj", "{D3F5B2B1-E92D-438F-A3E4-7CDD2271067D}"
EndProject
Project("{9A19103F-16F7-4668-BE54-9A1E7A4F7556}") = "EZGO.Api.Logic.Exporting", "EZGO.Api.Logic.Exporting\EZGO.Api.Logic.Exporting.csproj", "{9C7527C3-E578-4B8A-9EE4-E2E10811BDF5}"
EndProject
Project("{9A19103F-16F7-4668-BE54-9A1E7A4F7556}") = "EZGO.Api.Migrations", "EZGO.Api.Migrations\EZGO.Api.Migrations.csproj", "{16DDC75A-6052-4ACF-BD32-6A3A7BBC9710}"
EndProject
Project("{9A19103F-16F7-4668-BE54-9A1E7A4F7556}") = "ApiTests", "ApiTests\ApiTests.csproj", "{8D201434-8B04-4FE7-B56E-C250E21FA07D}"
EndProject
Project("{9A19103F-16F7-4668-BE54-9A1E7A4F7556}") = "EZGO.WorkerService.Exporter", "EZGO.WorkerService.Exporter\EZGO.WorkerService.Exporter.csproj", "{AE76A005-988B-49EC-9EDA-3F7950C9A9EB}"
EndProject
Project("{FAE04EC0-301F-11D3-BF4B-00C04F79EFBC}") = "ApiContentTests", "ApiContentTests\ApiContentTests.csproj", "{0C047D6C-1F45-40F4-AF8C-4592EB4BBE03}"
EndProject
Project("{FAE04EC0-301F-11D3-BF4B-00C04F79EFBC}") = "EZGO.WorkerService.Provisioner", "EZGO.WorkerService.Provisioner\EZGO.WorkerService.Provisioner.csproj", "{C518751D-5D57-76D3-9CA4-0CE48E3D3336}"
EndProject
Project("{FAE04EC0-301F-11D3-BF4B-00C04F79EFBC}") = "EZGO.Api.Logic.Provisioner", "EZGO.Api.Logic.Provisioner\EZGO.Api.Logic.Provisioner.csproj", "{27883DC3-9421-4A28-B4BB-134FC98BEBD4}"
EndProject
Project("{FAE04EC0-301F-11D3-BF4B-00C04F79EFBC}") = "EZGO.WorkerService.Processor", "EZGO.WorkerService.Processor\EZGO.WorkerService.Processor.csproj", "{D36511BF-DD72-4211-80FC-D6F504A4FB28}"
EndProject
Project("{FAE04EC0-301F-11D3-BF4B-00C04F79EFBC}") = "EZGO.Api.Logic.Processor", "EZGO.Api.Logic.Processor\EZGO.Api.Logic.Processor.csproj", "{567B7D17-84D3-4507-9F40-3B20CF0CD373}"
EndProject
Project("{FAE04EC0-301F-11D3-BF4B-00C04F79EFBC}") = "EZGO.Api.Utils.AspNetCore", "EZGO.Api.Utils.AspNetCore\EZGO.Api.Utils.AspNetCore.csproj", "{212CA58D-F345-4BE3-B9CC-1BF7D63BCF3D}"
EndProject
Project("{FAE04EC0-301F-11D3-BF4B-00C04F79EFBC}") = "EZGO.Api.Utils.Security", "EZGO.Api.Utils.Security\EZGO.Api.Utils.Security.csproj", "{1C7458ED-6957-48DC-BF4C-2F8D5632A70E}"
EndProject
Project("{FAE04EC0-301F-11D3-BF4B-00C04F79EFBC}") = "EZGO.Api.Logic.Templates.AspNetCore", "EZGO.Api.Logic.Templates\EZGO.Api.Logic.Templates.AspNetCore.csproj", "{BB2B2320-1305-4CB4-B37F-1574C816D70D}"
EndProject
Project("{FAE04EC0-301F-11D3-BF4B-00C04F79EFBC}") = "EZGO.Api.Data.Logic", "EZGO.Api.Data.Logic\EZGO.Api.Data.Logic.csproj", "{23AF8588-4B97-49BF-B8A9-05812232D110}"
EndProject
Project("{2150E333-8FDC-42A3-9474-1A3956D46DE8}") = "logiccore", "logiccore", "{02EA681E-C7D8-13C7-8484-4AC65E1B71E8}"
EndProject
Project("{2150E333-8FDC-42A3-9474-1A3956D46DE8}") = "logicaspcore", "logicaspcore", "{4D793E6D-DA73-48B6-AC2C-76185C7E27EC}"
EndProject
Project("{FAE04EC0-301F-11D3-BF4B-00C04F79EFBC}") = "EZGO.Api.Logic.SapPmConnector", "EZGO.Api.Logic.SapPmConnector\EZGO.Api.Logic.SapPmConnector.csproj", "{02287CA1-90C2-4B9A-B8BE-20057D74422D}"
EndProject
Project("{FAE04EC0-301F-11D3-BF4B-00C04F79EFBC}") = "EZGO.WorkerService.SapPM", "EZGO.WorkerService.SapPM\EZGO.WorkerService.SapPM.csproj", "{E88F205A-6681-43F5-9B46-5E952FD3DC01}"
EndProject
Global
	GlobalSection(SolutionConfigurationPlatforms) = preSolution
		Debug|Any CPU = Debug|Any CPU
		Release|Any CPU = Release|Any CPU
	EndGlobalSection
	GlobalSection(ProjectConfigurationPlatforms) = postSolution
		{4FBFB1E4-9F2E-4F53-BFFA-845C48074A57}.Debug|Any CPU.ActiveCfg = Debug|Any CPU
		{4FBFB1E4-9F2E-4F53-BFFA-845C48074A57}.Debug|Any CPU.Build.0 = Debug|Any CPU
		{4FBFB1E4-9F2E-4F53-BFFA-845C48074A57}.Release|Any CPU.ActiveCfg = Release|Any CPU
		{4FBFB1E4-9F2E-4F53-BFFA-845C48074A57}.Release|Any CPU.Build.0 = Release|Any CPU
		{AC2AD3B3-EF27-4480-BD78-709F1837415A}.Debug|Any CPU.ActiveCfg = Debug|Any CPU
		{AC2AD3B3-EF27-4480-BD78-709F1837415A}.Debug|Any CPU.Build.0 = Debug|Any CPU
		{AC2AD3B3-EF27-4480-BD78-709F1837415A}.Release|Any CPU.ActiveCfg = Release|Any CPU
		{AC2AD3B3-EF27-4480-BD78-709F1837415A}.Release|Any CPU.Build.0 = Release|Any CPU
		{3CA2896A-355D-4EA4-BCE1-E4F57AA64212}.Debug|Any CPU.ActiveCfg = Debug|Any CPU
		{3CA2896A-355D-4EA4-BCE1-E4F57AA64212}.Debug|Any CPU.Build.0 = Debug|Any CPU
		{3CA2896A-355D-4EA4-BCE1-E4F57AA64212}.Release|Any CPU.ActiveCfg = Release|Any CPU
		{3CA2896A-355D-4EA4-BCE1-E4F57AA64212}.Release|Any CPU.Build.0 = Release|Any CPU
		{D57424AC-626A-463C-B2A6-A6A14411FD4A}.Debug|Any CPU.ActiveCfg = Debug|Any CPU
		{D57424AC-626A-463C-B2A6-A6A14411FD4A}.Debug|Any CPU.Build.0 = Debug|Any CPU
		{D57424AC-626A-463C-B2A6-A6A14411FD4A}.Release|Any CPU.ActiveCfg = Release|Any CPU
		{D57424AC-626A-463C-B2A6-A6A14411FD4A}.Release|Any CPU.Build.0 = Release|Any CPU
		{5895B9A5-DF81-4EBF-A401-283AD7485B53}.Debug|Any CPU.ActiveCfg = Debug|Any CPU
		{5895B9A5-DF81-4EBF-A401-283AD7485B53}.Debug|Any CPU.Build.0 = Debug|Any CPU
		{5895B9A5-DF81-4EBF-A401-283AD7485B53}.Release|Any CPU.ActiveCfg = Release|Any CPU
		{5895B9A5-DF81-4EBF-A401-283AD7485B53}.Release|Any CPU.Build.0 = Release|Any CPU
		{30DDCCEB-4E4F-4236-9501-AD058CAD4210}.Debug|Any CPU.ActiveCfg = Debug|Any CPU
		{30DDCCEB-4E4F-4236-9501-AD058CAD4210}.Debug|Any CPU.Build.0 = Debug|Any CPU
		{30DDCCEB-4E4F-4236-9501-AD058CAD4210}.Release|Any CPU.ActiveCfg = Release|Any CPU
		{30DDCCEB-4E4F-4236-9501-AD058CAD4210}.Release|Any CPU.Build.0 = Release|Any CPU
		{8A3FECFC-9F46-4450-AF83-EEEDF8C52292}.Debug|Any CPU.ActiveCfg = Debug|Any CPU
		{8A3FECFC-9F46-4450-AF83-EEEDF8C52292}.Debug|Any CPU.Build.0 = Debug|Any CPU
		{8A3FECFC-9F46-4450-AF83-EEEDF8C52292}.Release|Any CPU.ActiveCfg = Release|Any CPU
		{8A3FECFC-9F46-4450-AF83-EEEDF8C52292}.Release|Any CPU.Build.0 = Release|Any CPU
		{6714D644-F1CB-4F15-ACB9-1D515CF042FB}.Debug|Any CPU.ActiveCfg = Debug|Any CPU
		{6714D644-F1CB-4F15-ACB9-1D515CF042FB}.Debug|Any CPU.Build.0 = Debug|Any CPU
		{6714D644-F1CB-4F15-ACB9-1D515CF042FB}.Release|Any CPU.ActiveCfg = Release|Any CPU
		{6714D644-F1CB-4F15-ACB9-1D515CF042FB}.Release|Any CPU.Build.0 = Release|Any CPU
		{21C1D22F-3199-4A48-B6F1-A663B77B1287}.Debug|Any CPU.ActiveCfg = Debug|Any CPU
		{21C1D22F-3199-4A48-B6F1-A663B77B1287}.Debug|Any CPU.Build.0 = Debug|Any CPU
		{21C1D22F-3199-4A48-B6F1-A663B77B1287}.Release|Any CPU.ActiveCfg = Release|Any CPU
		{21C1D22F-3199-4A48-B6F1-A663B77B1287}.Release|Any CPU.Build.0 = Release|Any CPU
		{67DEBF88-162F-401F-8976-16C90C4AAF26}.Debug|Any CPU.ActiveCfg = Debug|Any CPU
		{67DEBF88-162F-401F-8976-16C90C4AAF26}.Debug|Any CPU.Build.0 = Debug|Any CPU
		{67DEBF88-162F-401F-8976-16C90C4AAF26}.Release|Any CPU.ActiveCfg = Release|Any CPU
		{67DEBF88-162F-401F-8976-16C90C4AAF26}.Release|Any CPU.Build.0 = Release|Any CPU
		{FFF8E9FD-27F5-4CF5-ABF2-42FB2B6AFAD1}.Debug|Any CPU.ActiveCfg = Debug|Any CPU
		{FFF8E9FD-27F5-4CF5-ABF2-42FB2B6AFAD1}.Debug|Any CPU.Build.0 = Debug|Any CPU
		{FFF8E9FD-27F5-4CF5-ABF2-42FB2B6AFAD1}.Release|Any CPU.ActiveCfg = Release|Any CPU
		{FFF8E9FD-27F5-4CF5-ABF2-42FB2B6AFAD1}.Release|Any CPU.Build.0 = Release|Any CPU
		{2FAB78E9-B01F-4130-92E3-8B7707D3126B}.Debug|Any CPU.ActiveCfg = Debug|Any CPU
		{2FAB78E9-B01F-4130-92E3-8B7707D3126B}.Debug|Any CPU.Build.0 = Debug|Any CPU
		{2FAB78E9-B01F-4130-92E3-8B7707D3126B}.Release|Any CPU.ActiveCfg = Release|Any CPU
		{2FAB78E9-B01F-4130-92E3-8B7707D3126B}.Release|Any CPU.Build.0 = Release|Any CPU
		{192009FB-DE53-427B-B3C9-5AC203FC3904}.Debug|Any CPU.ActiveCfg = Debug|Any CPU
		{192009FB-DE53-427B-B3C9-5AC203FC3904}.Debug|Any CPU.Build.0 = Debug|Any CPU
		{192009FB-DE53-427B-B3C9-5AC203FC3904}.Release|Any CPU.ActiveCfg = Release|Any CPU
		{192009FB-DE53-427B-B3C9-5AC203FC3904}.Release|Any CPU.Build.0 = Release|Any CPU
		{C48627A6-7335-44F9-AC08-A232EC7ECE2B}.Debug|Any CPU.ActiveCfg = Debug|Any CPU
		{C48627A6-7335-44F9-AC08-A232EC7ECE2B}.Debug|Any CPU.Build.0 = Debug|Any CPU
		{C48627A6-7335-44F9-AC08-A232EC7ECE2B}.Release|Any CPU.ActiveCfg = Release|Any CPU
		{C48627A6-7335-44F9-AC08-A232EC7ECE2B}.Release|Any CPU.Build.0 = Release|Any CPU
		{F9D24B12-C304-489F-9CCF-DD80FDB976B3}.Debug|Any CPU.ActiveCfg = Debug|Any CPU
		{F9D24B12-C304-489F-9CCF-DD80FDB976B3}.Debug|Any CPU.Build.0 = Debug|Any CPU
		{F9D24B12-C304-489F-9CCF-DD80FDB976B3}.Release|Any CPU.ActiveCfg = Release|Any CPU
		{F9D24B12-C304-489F-9CCF-DD80FDB976B3}.Release|Any CPU.Build.0 = Release|Any CPU
		{725926F2-DDC0-4C2B-AC34-FED4B004EDE0}.Debug|Any CPU.ActiveCfg = Debug|Any CPU
		{725926F2-DDC0-4C2B-AC34-FED4B004EDE0}.Debug|Any CPU.Build.0 = Debug|Any CPU
		{725926F2-DDC0-4C2B-AC34-FED4B004EDE0}.Release|Any CPU.ActiveCfg = Release|Any CPU
		{725926F2-DDC0-4C2B-AC34-FED4B004EDE0}.Release|Any CPU.Build.0 = Release|Any CPU
		{D3F5B2B1-E92D-438F-A3E4-7CDD2271067D}.Debug|Any CPU.ActiveCfg = Debug|Any CPU
		{D3F5B2B1-E92D-438F-A3E4-7CDD2271067D}.Debug|Any CPU.Build.0 = Debug|Any CPU
		{D3F5B2B1-E92D-438F-A3E4-7CDD2271067D}.Release|Any CPU.ActiveCfg = Release|Any CPU
		{D3F5B2B1-E92D-438F-A3E4-7CDD2271067D}.Release|Any CPU.Build.0 = Release|Any CPU
		{9C7527C3-E578-4B8A-9EE4-E2E10811BDF5}.Debug|Any CPU.ActiveCfg = Debug|Any CPU
		{9C7527C3-E578-4B8A-9EE4-E2E10811BDF5}.Debug|Any CPU.Build.0 = Debug|Any CPU
		{9C7527C3-E578-4B8A-9EE4-E2E10811BDF5}.Release|Any CPU.ActiveCfg = Release|Any CPU
		{9C7527C3-E578-4B8A-9EE4-E2E10811BDF5}.Release|Any CPU.Build.0 = Release|Any CPU
		{16DDC75A-6052-4ACF-BD32-6A3A7BBC9710}.Debug|Any CPU.ActiveCfg = Debug|Any CPU
		{16DDC75A-6052-4ACF-BD32-6A3A7BBC9710}.Debug|Any CPU.Build.0 = Debug|Any CPU
		{16DDC75A-6052-4ACF-BD32-6A3A7BBC9710}.Release|Any CPU.ActiveCfg = Release|Any CPU
		{16DDC75A-6052-4ACF-BD32-6A3A7BBC9710}.Release|Any CPU.Build.0 = Release|Any CPU
		{8D201434-8B04-4FE7-B56E-C250E21FA07D}.Debug|Any CPU.ActiveCfg = Debug|Any CPU
		{8D201434-8B04-4FE7-B56E-C250E21FA07D}.Debug|Any CPU.Build.0 = Debug|Any CPU
		{8D201434-8B04-4FE7-B56E-C250E21FA07D}.Release|Any CPU.ActiveCfg = Release|Any CPU
		{8D201434-8B04-4FE7-B56E-C250E21FA07D}.Release|Any CPU.Build.0 = Release|Any CPU
		{AE76A005-988B-49EC-9EDA-3F7950C9A9EB}.Debug|Any CPU.ActiveCfg = Debug|Any CPU
		{AE76A005-988B-49EC-9EDA-3F7950C9A9EB}.Debug|Any CPU.Build.0 = Debug|Any CPU
		{AE76A005-988B-49EC-9EDA-3F7950C9A9EB}.Release|Any CPU.ActiveCfg = Release|Any CPU
		{AE76A005-988B-49EC-9EDA-3F7950C9A9EB}.Release|Any CPU.Build.0 = Release|Any CPU
		{0C047D6C-1F45-40F4-AF8C-4592EB4BBE03}.Debug|Any CPU.ActiveCfg = Debug|Any CPU
		{0C047D6C-1F45-40F4-AF8C-4592EB4BBE03}.Debug|Any CPU.Build.0 = Debug|Any CPU
		{0C047D6C-1F45-40F4-AF8C-4592EB4BBE03}.Release|Any CPU.ActiveCfg = Release|Any CPU
		{0C047D6C-1F45-40F4-AF8C-4592EB4BBE03}.Release|Any CPU.Build.0 = Release|Any CPU
		{C518751D-5D57-76D3-9CA4-0CE48E3D3336}.Debug|Any CPU.ActiveCfg = Debug|Any CPU
		{C518751D-5D57-76D3-9CA4-0CE48E3D3336}.Debug|Any CPU.Build.0 = Debug|Any CPU
		{C518751D-5D57-76D3-9CA4-0CE48E3D3336}.Release|Any CPU.ActiveCfg = Release|Any CPU
		{C518751D-5D57-76D3-9CA4-0CE48E3D3336}.Release|Any CPU.Build.0 = Release|Any CPU
		{27883DC3-9421-4A28-B4BB-134FC98BEBD4}.Debug|Any CPU.ActiveCfg = Debug|Any CPU
		{27883DC3-9421-4A28-B4BB-134FC98BEBD4}.Debug|Any CPU.Build.0 = Debug|Any CPU
		{27883DC3-9421-4A28-B4BB-134FC98BEBD4}.Release|Any CPU.ActiveCfg = Release|Any CPU
		{27883DC3-9421-4A28-B4BB-134FC98BEBD4}.Release|Any CPU.Build.0 = Release|Any CPU
		{D36511BF-DD72-4211-80FC-D6F504A4FB28}.Debug|Any CPU.ActiveCfg = Debug|Any CPU
		{D36511BF-DD72-4211-80FC-D6F504A4FB28}.Debug|Any CPU.Build.0 = Debug|Any CPU
		{D36511BF-DD72-4211-80FC-D6F504A4FB28}.Release|Any CPU.ActiveCfg = Release|Any CPU
		{D36511BF-DD72-4211-80FC-D6F504A4FB28}.Release|Any CPU.Build.0 = Release|Any CPU
		{567B7D17-84D3-4507-9F40-3B20CF0CD373}.Debug|Any CPU.ActiveCfg = Debug|Any CPU
		{567B7D17-84D3-4507-9F40-3B20CF0CD373}.Debug|Any CPU.Build.0 = Debug|Any CPU
		{567B7D17-84D3-4507-9F40-3B20CF0CD373}.Release|Any CPU.ActiveCfg = Release|Any CPU
		{567B7D17-84D3-4507-9F40-3B20CF0CD373}.Release|Any CPU.Build.0 = Release|Any CPU
		{212CA58D-F345-4BE3-B9CC-1BF7D63BCF3D}.Debug|Any CPU.ActiveCfg = Debug|Any CPU
		{212CA58D-F345-4BE3-B9CC-1BF7D63BCF3D}.Debug|Any CPU.Build.0 = Debug|Any CPU
		{212CA58D-F345-4BE3-B9CC-1BF7D63BCF3D}.Release|Any CPU.ActiveCfg = Release|Any CPU
		{212CA58D-F345-4BE3-B9CC-1BF7D63BCF3D}.Release|Any CPU.Build.0 = Release|Any CPU
		{1C7458ED-6957-48DC-BF4C-2F8D5632A70E}.Debug|Any CPU.ActiveCfg = Debug|Any CPU
		{1C7458ED-6957-48DC-BF4C-2F8D5632A70E}.Debug|Any CPU.Build.0 = Debug|Any CPU
		{1C7458ED-6957-48DC-BF4C-2F8D5632A70E}.Release|Any CPU.ActiveCfg = Release|Any CPU
		{1C7458ED-6957-48DC-BF4C-2F8D5632A70E}.Release|Any CPU.Build.0 = Release|Any CPU
		{BB2B2320-1305-4CB4-B37F-1574C816D70D}.Debug|Any CPU.ActiveCfg = Debug|Any CPU
		{BB2B2320-1305-4CB4-B37F-1574C816D70D}.Debug|Any CPU.Build.0 = Debug|Any CPU
		{BB2B2320-1305-4CB4-B37F-1574C816D70D}.Release|Any CPU.ActiveCfg = Release|Any CPU
		{BB2B2320-1305-4CB4-B37F-1574C816D70D}.Release|Any CPU.Build.0 = Release|Any CPU
		{23AF8588-4B97-49BF-B8A9-05812232D110}.Debug|Any CPU.ActiveCfg = Debug|Any CPU
		{23AF8588-4B97-49BF-B8A9-05812232D110}.Debug|Any CPU.Build.0 = Debug|Any CPU
		{23AF8588-4B97-49BF-B8A9-05812232D110}.Release|Any CPU.ActiveCfg = Release|Any CPU
		{23AF8588-4B97-49BF-B8A9-05812232D110}.Release|Any CPU.Build.0 = Release|Any CPU
		{02287CA1-90C2-4B9A-B8BE-20057D74422D}.Debug|Any CPU.ActiveCfg = Debug|Any CPU
		{02287CA1-90C2-4B9A-B8BE-20057D74422D}.Debug|Any CPU.Build.0 = Debug|Any CPU
		{02287CA1-90C2-4B9A-B8BE-20057D74422D}.Release|Any CPU.ActiveCfg = Release|Any CPU
		{02287CA1-90C2-4B9A-B8BE-20057D74422D}.Release|Any CPU.Build.0 = Release|Any CPU
		{E88F205A-6681-43F5-9B46-5E952FD3DC01}.Debug|Any CPU.ActiveCfg = Debug|Any CPU
		{E88F205A-6681-43F5-9B46-5E952FD3DC01}.Debug|Any CPU.Build.0 = Debug|Any CPU
		{E88F205A-6681-43F5-9B46-5E952FD3DC01}.Release|Any CPU.ActiveCfg = Release|Any CPU
		{E88F205A-6681-43F5-9B46-5E952FD3DC01}.Release|Any CPU.Build.0 = Release|Any CPU
	EndGlobalSection
	GlobalSection(SolutionProperties) = preSolution
		HideSolutionNode = FALSE
	EndGlobalSection
	GlobalSection(NestedProjects) = preSolution
		{4FBFB1E4-9F2E-4F53-BFFA-845C48074A57} = {0CB02E7C-F6EC-4415-8282-9505C770E163}
		{AC2AD3B3-EF27-4480-BD78-709F1837415A} = {02EA681E-C7D8-13C7-8484-4AC65E1B71E8}
		{3CA2896A-355D-4EA4-BCE1-E4F57AA64212} = {02EA681E-C7D8-13C7-8484-4AC65E1B71E8}
		{D57424AC-626A-463C-B2A6-A6A14411FD4A} = {4D793E6D-DA73-48B6-AC2C-76185C7E27EC}
		{5895B9A5-DF81-4EBF-A401-283AD7485B53} = {4D793E6D-DA73-48B6-AC2C-76185C7E27EC}
		{30DDCCEB-4E4F-4236-9501-AD058CAD4210} = {02EA681E-C7D8-13C7-8484-4AC65E1B71E8}
		{8A3FECFC-9F46-4450-AF83-EEEDF8C52292} = {02EA681E-C7D8-13C7-8484-4AC65E1B71E8}
		{6714D644-F1CB-4F15-ACB9-1D515CF042FB} = {02EA681E-C7D8-13C7-8484-4AC65E1B71E8}
		{21C1D22F-3199-4A48-B6F1-A663B77B1287} = {827D5ADD-8602-4B39-9BF4-A217DADF7D57}
		{67DEBF88-162F-401F-8976-16C90C4AAF26} = {02EA681E-C7D8-13C7-8484-4AC65E1B71E8}
		{FFF8E9FD-27F5-4CF5-ABF2-42FB2B6AFAD1} = {02EA681E-C7D8-13C7-8484-4AC65E1B71E8}
		{2FAB78E9-B01F-4130-92E3-8B7707D3126B} = {02EA681E-C7D8-13C7-8484-4AC65E1B71E8}
		{192009FB-DE53-427B-B3C9-5AC203FC3904} = {02EA681E-C7D8-13C7-8484-4AC65E1B71E8}
		{C48627A6-7335-44F9-AC08-A232EC7ECE2B} = {02EA681E-C7D8-13C7-8484-4AC65E1B71E8}
		{F9D24B12-C304-489F-9CCF-DD80FDB976B3} = {0CB02E7C-F6EC-4415-8282-9505C770E163}
		{725926F2-DDC0-4C2B-AC34-FED4B004EDE0} = {02EA681E-C7D8-13C7-8484-4AC65E1B71E8}
		{D3F5B2B1-E92D-438F-A3E4-7CDD2271067D} = {F6669058-6B6B-4204-AE66-2860BAAD271E}
		{9C7527C3-E578-4B8A-9EE4-E2E10811BDF5} = {02EA681E-C7D8-13C7-8484-4AC65E1B71E8}
		{16DDC75A-6052-4ACF-BD32-6A3A7BBC9710} = {02EA681E-C7D8-13C7-8484-4AC65E1B71E8}
		{8D201434-8B04-4FE7-B56E-C250E21FA07D} = {CFCAD662-434B-484A-87B4-EA8ECAD43632}
		{AE76A005-988B-49EC-9EDA-3F7950C9A9EB} = {827D5ADD-8602-4B39-9BF4-A217DADF7D57}
		{0C047D6C-1F45-40F4-AF8C-4592EB4BBE03} = {CFCAD662-434B-484A-87B4-EA8ECAD43632}
		{C518751D-5D57-76D3-9CA4-0CE48E3D3336} = {827D5ADD-8602-4B39-9BF4-A217DADF7D57}
		{27883DC3-9421-4A28-B4BB-134FC98BEBD4} = {02EA681E-C7D8-13C7-8484-4AC65E1B71E8}
		{D36511BF-DD72-4211-80FC-D6F504A4FB28} = {827D5ADD-8602-4B39-9BF4-A217DADF7D57}
		{567B7D17-84D3-4507-9F40-3B20CF0CD373} = {02EA681E-C7D8-13C7-8484-4AC65E1B71E8}
		{212CA58D-F345-4BE3-B9CC-1BF7D63BCF3D} = {4D793E6D-DA73-48B6-AC2C-76185C7E27EC}
		{1C7458ED-6957-48DC-BF4C-2F8D5632A70E} = {02EA681E-C7D8-13C7-8484-4AC65E1B71E8}
		{BB2B2320-1305-4CB4-B37F-1574C816D70D} = {4D793E6D-DA73-48B6-AC2C-76185C7E27EC}
		{23AF8588-4B97-49BF-B8A9-05812232D110} = {02EA681E-C7D8-13C7-8484-4AC65E1B71E8}
		{02287CA1-90C2-4B9A-B8BE-20057D74422D} = {02EA681E-C7D8-13C7-8484-4AC65E1B71E8}
		{E88F205A-6681-43F5-9B46-5E952FD3DC01} = {827D5ADD-8602-4B39-9BF4-A217DADF7D57}
	EndGlobalSection
	GlobalSection(ExtensibilityGlobals) = postSolution
		SolutionGuid = {C7DA52FB-00E2-4D79-A0CA-345B15E562E8}
	EndGlobalSection
EndGlobal
